{
    "name": "iam-generalmap-typescript",
    "version": "1.0.10",
    "lockfileVersion": 1,
    "requires": true,
    "dependencies": {
        "iam-binaryheap-typescript": {
            "version": "1.0.0",
            "resolved": "https://registry.npmjs.org/iam-binaryheap-typescript/-/iam-binaryheap-typescript-1.0.0.tgz",
            "integrity": "sha512-Dq22XWMDaVonm+uzPi6LlThQzMwZnR83QqvNH/NXzPCgOlsGQokwR63cmS+98GF++SEId93eeBNF9YxIe8cXFw=="
        }
    }
}
