{
    "name": "iam-generalmap-typescript",
    "version": "1.0.9",
    "lockfileVersion": 2,
    "requires": true,
    "packages": {
        "": {
            "version": "1.0.9",
            "license": "Apache-2.0",
            "dependencies": {
                "iam-binaryheap-typescript": "^1.0.0"
            }
        },
        "node_modules/iam-binaryheap-typescript": {
            "version": "1.0.0",
            "resolved": "https://registry.npmjs.org/iam-binaryheap-typescript/-/iam-binaryheap-typescript-1.0.0.tgz",
            "integrity": "sha512-Dq22XWMDaVonm+uzPi6LlThQzMwZnR83QqvNH/NXzPCgOlsGQokwR63cmS+98GF++SEId93eeBNF9YxIe8cXFw=="
        }
    },
    "dependencies": {
        "iam-binaryheap-typescript": {
            "version": "1.0.0",
            "resolved": "https://registry.npmjs.org/iam-binaryheap-typescript/-/iam-binaryheap-typescript-1.0.0.tgz",
            "integrity": "sha512-Dq22XWMDaVonm+uzPi6LlThQzMwZnR83QqvNH/NXzPCgOlsGQokwR63cmS+98GF++SEId93eeBNF9YxIe8cXFw=="
        }
    }
}
